
Microsoft Visual Studio Solution File, Format Version 12.00
# Visual Studio Version 17
VisualStudioVersion = 17.0.32112.339
MinimumVisualStudioVersion = 10.0.40219.1
Project("{FAE04EC0-301F-11D3-BF4B-00C04F79EFBC}") = "AppsoCore", "AppsoCore\AppsoCore.csproj", "{7EF84167-299C-4318-A40F-DFA40BCFF1DE}"
EndProject
Project("{FAE04EC0-301F-11D3-BF4B-00C04F79EFBC}") = "AppsoGas Volumetric", "AppsoGas Volumetric\AppsoGas Volumetric.csproj", "{316BFCFB-30AA-4698-BF99-347354DEFE34}"
EndProject
Global
	GlobalSection(SolutionConfigurationPlatforms) = preSolution
		Debug|Any CPU = Debug|Any CPU
		Release|Any CPU = Release|Any CPU
	EndGlobalSection
	GlobalSection(ProjectConfigurationPlatforms) = postSolution
		{7EF84167-299C-4318-A40F-DFA40BCFF1DE}.Debug|Any CPU.ActiveCfg = Debug|Any CPU
		{7EF84167-299C-4318-A40F-DFA40BCFF1DE}.Debug|Any CPU.Build.0 = Debug|Any CPU
		{7EF84167-299C-4318-A40F-DFA40BCFF1DE}.Release|Any CPU.ActiveCfg = Release|Any CPU
		{7EF84167-299C-4318-A40F-DFA40BCFF1DE}.Release|Any CPU.Build.0 = Release|Any CPU
		{316BFCFB-30AA-4698-BF99-347354DEFE34}.Debug|Any CPU.ActiveCfg = Debug|Any CPU
		{316BFCFB-30AA-4698-BF99-347354DEFE34}.Debug|Any CPU.Build.0 = Debug|Any CPU
		{316BFCFB-30AA-4698-BF99-347354DEFE34}.Release|Any CPU.ActiveCfg = Release|Any CPU
		{316BFCFB-30AA-4698-BF99-347354DEFE34}.Release|Any CPU.Build.0 = Release|Any CPU
	EndGlobalSection
	GlobalSection(SolutionProperties) = preSolution
		HideSolutionNode = FALSE
	EndGlobalSection
	GlobalSection(ExtensibilityGlobals) = postSolution
		SolutionGuid = {A4E19BF8-D386-43E7-8695-5F1E26CCB6FD}
	EndGlobalSection
EndGlobal
